
Microsoft Visual Studio Solution File, Format Version 12.00
# Visual Studio Version 17
VisualStudioVersion = 17.10.35013.160
MinimumVisualStudioVersion = 10.0.40219.1
Project("{9A19103F-16F7-4668-BE54-9A1E7A4F7556}") = "BankingApi", "BankingApi.csproj", "{3D4831E8-0338-4FD6-8E91-3C6A74F27EDE}"
EndProject
Global
	GlobalSection(SolutionConfigurationPlatforms) = preSolution
		Debug|Any CPU = Debug|Any CPU
		Release|Any CPU = Release|Any CPU
	EndGlobalSection
	GlobalSection(ProjectConfigurationPlatforms) = postSolution
		{3D4831E8-0338-4FD6-8E91-3C6A74F27EDE}.Debug|Any CPU.ActiveCfg = Debug|Any CPU
		{3D4831E8-0338-4FD6-8E91-3C6A74F27EDE}.Debug|Any CPU.Build.0 = Debug|Any CPU
		{3D4831E8-0338-4FD6-8E91-3C6A74F27EDE}.Release|Any CPU.ActiveCfg = Release|Any CPU
		{3D4831E8-0338-4FD6-8E91-3C6A74F27EDE}.Release|Any CPU.Build.0 = Release|Any CPU
	EndGlobalSection
	GlobalSection(SolutionProperties) = preSolution
		HideSolutionNode = FALSE
	EndGlobalSection
	GlobalSection(ExtensibilityGlobals) = postSolution
		SolutionGuid = {81AA401E-F75B-4486-9A65-9100BAE0B7A4}
	EndGlobalSection
EndGlobal
